// !$*UTF8*$!
{
	archiveVersion = 1;
	classes = {
	};
	objectVersion = 50;
	objects = {

/* Begin PBXBuildFile section */
		5DB041BB2703EE3A00AB22FD /* AppDelegate.swift in Sources */ = {isa = PBXBuildFile; fileRef = 5DB041BA2703EE3A00AB22FD /* AppDelegate.swift */; };
		5DB041BD2703EE3A00AB22FD /* SceneDelegate.swift in Sources */ = {isa = PBXBuildFile; fileRef = 5DB041BC2703EE3A00AB22FD /* SceneDelegate.swift */; };
		5DB041BF2703EE3A00AB22FD /* ViewController.swift in Sources */ = {isa = PBXBuildFile; fileRef = 5DB041BE2703EE3A00AB22FD /* ViewController.swift */; };
		5DB041C22703EE3A00AB22FD /* Main.storyboard in Resources */ = {isa = PBXBuildFile; fileRef = 5DB041C02703EE3A00AB22FD /* Main.storyboard */; };
		5DB041C42703EE3A00AB22FD /* Assets.xcassets in Resources */ = {isa = PBXBuildFile; fileRef = 5DB041C32703EE3A00AB22FD /* Assets.xcassets */; };
		5DB041C72703EE3A00AB22FD /* LaunchScreen.storyboard in Resources */ = {isa = PBXBuildFile; fileRef = 5DB041C52703EE3A00AB22FD /* LaunchScreen.storyboard */; };
		5DB041D42704101B00AB22FD /* WeatherData.swift in Sources */ = {isa = PBXBuildFile; fileRef = 5DB041D32704101B00AB22FD /* WeatherData.swift */; };
		5DB041D9270410BA00AB22FD /* WeatherModel.swift in Sources */ = {isa = PBXBuildFile; fileRef = 5DB041D8270410BA00AB22FD /* WeatherModel.swift */; };
		5DB041DD2704113E00AB22FD /* WeatherManager.swift in Sources */ = {isa = PBXBuildFile; fileRef = 5DB041DC2704113E00AB22FD /* WeatherManager.swift */; };
/* End PBXBuildFile section */

/* Begin PBXFileReference section */
		5DB041B72703EE3A00AB22FD /* weather.app */ = {isa = PBXFileReference; explicitFileType = wrapper.application; includeInIndex = 0; path = weather.app; sourceTree = BUILT_PRODUCTS_DIR; };
		5DB041BA2703EE3A00AB22FD /* AppDelegate.swift */ = {isa = PBXFileReference; lastKnownFileType = sourcecode.swift; path = AppDelegate.swift; sourceTree = "<group>"; };
		5DB041BC2703EE3A00AB22FD /* SceneDelegate.swift */ = {isa = PBXFileReference; lastKnownFileType = sourcecode.swift; path = SceneDelegate.swift; sourceTree = "<group>"; };
		5DB041BE2703EE3A00AB22FD /* ViewController.swift */ = {isa = PBXFileReference; lastKnownFileType = sourcecode.swift; path = ViewController.swift; sourceTree = "<group>"; };
		5DB041C12703EE3A00AB22FD /* Base */ = {isa = PBXFileReference; lastKnownFileType = file.storyboard; name = Base; path = Base.lproj/Main.storyboard; sourceTree = "<group>"; };
		5DB041C32703EE3A00AB22FD /* Assets.xcassets */ = {isa = PBXFileReference; lastKnownFileType = folder.assetcatalog; path = Assets.xcassets; sourceTree = "<group>"; };
		5DB041C62703EE3A00AB22FD /* Base */ = {isa = PBXFileReference; lastKnownFileType = file.storyboard; name = Base; path = Base.lproj/LaunchScreen.storyboard; sourceTree = "<group>"; };
		5DB041C82703EE3A00AB22FD /* Info.plist */ = {isa = PBXFileReference; lastKnownFileType = text.plist.xml; path = Info.plist; sourceTree = "<group>"; };
		5DB041D32704101B00AB22FD /* WeatherData.swift */ = {isa = PBXFileReference; lastKnownFileType = sourcecode.swift; path = WeatherData.swift; sourceTree = "<group>"; };
		5DB041D8270410BA00AB22FD /* WeatherModel.swift */ = {isa = PBXFileReference; lastKnownFileType = sourcecode.swift; path = WeatherModel.swift; sourceTree = "<group>"; };
		5DB041DC2704113E00AB22FD /* WeatherManager.swift */ = {isa = PBXFileReference; lastKnownFileType = sourcecode.swift; path = WeatherManager.swift; sourceTree = "<group>"; };
/* End PBXFileReference section */

/* Begin PBXFrameworksBuildPhase section */
		5DB041B42703EE3A00AB22FD /* Frameworks */ = {
			isa = PBXFrameworksBuildPhase;
			buildActionMask = 2147483647;
			files = (
			);
			runOnlyForDeploymentPostprocessing = 0;
		};
/* End PBXFrameworksBuildPhase section */

/* Begin PBXGroup section */
		5DB041AE2703EE3A00AB22FD = {
			isa = PBXGroup;
			children = (
				5DB041B92703EE3A00AB22FD /* weather */,
				5DB041B82703EE3A00AB22FD /* Products */,
			);
			sourceTree = "<group>";
		};
		5DB041B82703EE3A00AB22FD /* Products */ = {
			isa = PBXGroup;
			children = (
				5DB041B72703EE3A00AB22FD /* weather.app */,
			);
			name = Products;
			sourceTree = "<group>";
		};
		5DB041B92703EE3A00AB22FD /* weather */ = {
			isa = PBXGroup;
			children = (
				5DB041BA2703EE3A00AB22FD /* AppDelegate.swift */,
				5DB041BC2703EE3A00AB22FD /* SceneDelegate.swift */,
				5DB041D62704102400AB22FD /* Model */,
				5DB041D027040F8E00AB22FD /* View */,
				5DB041D127040F9E00AB22FD /* Controller */,
				5DB041C32703EE3A00AB22FD /* Assets.xcassets */,
				5DB041C52703EE3A00AB22FD /* LaunchScreen.storyboard */,
				5DB041C82703EE3A00AB22FD /* Info.plist */,
			);
			path = weather;
			sourceTree = "<group>";
		};
		5DB041D027040F8E00AB22FD /* View */ = {
			isa = PBXGroup;
			children = (
				5DB041C02703EE3A00AB22FD /* Main.storyboard */,
			);
			path = View;
			sourceTree = "<group>";
		};
		5DB041D127040F9E00AB22FD /* Controller */ = {
			isa = PBXGroup;
			children = (
				5DB041BE2703EE3A00AB22FD /* ViewController.swift */,
			);
			path = Controller;
			sourceTree = "<group>";
		};
		5DB041D62704102400AB22FD /* Model */ = {
			isa = PBXGroup;
			children = (
				5DB041D32704101B00AB22FD /* WeatherData.swift */,
				5DB041D8270410BA00AB22FD /* WeatherModel.swift */,
				5DB041DC2704113E00AB22FD /* WeatherManager.swift */,
			);
			path = Model;
			sourceTree = "<group>";
		};
/* End PBXGroup section */

/* Begin PBXNativeTarget section */
		5DB041B62703EE3A00AB22FD /* weather */ = {
			isa = PBXNativeTarget;
			buildConfigurationList = 5DB041CB2703EE3A00AB22FD /* Build configuration list for PBXNativeTarget "weather" */;
			buildPhases = (
				5DB041B32703EE3A00AB22FD /* Sources */,
				5DB041B42703EE3A00AB22FD /* Frameworks */,
				5DB041B52703EE3A00AB22FD /* Resources */,
			);
			buildRules = (
			);
			dependencies = (
			);
			name = weather;
			productName = weather;
			productReference = 5DB041B72703EE3A00AB22FD /* weather.app */;
			productType = "com.apple.product-type.application";
		};
/* End PBXNativeTarget section */

/* Begin PBXProject section */
		5DB041AF2703EE3A00AB22FD /* Project object */ = {
			isa = PBXProject;
			attributes = {
				LastSwiftUpdateCheck = 1230;
				LastUpgradeCheck = 1230;
				TargetAttributes = {
					5DB041B62703EE3A00AB22FD = {
						CreatedOnToolsVersion = 12.3;
					};
				};
			};
			buildConfigurationList = 5DB041B22703EE3A00AB22FD /* Build configuration list for PBXProject "weather" */;
			compatibilityVersion = "Xcode 9.3";
			developmentRegion = en;
			hasScannedForEncodings = 0;
			knownRegions = (
				en,
				Base,
			);
			mainGroup = 5DB041AE2703EE3A00AB22FD;
			productRefGroup = 5DB041B82703EE3A00AB22FD /* Products */;
			projectDirPath = "";
			projectRoot = "";
			targets = (
				5DB041B62703EE3A00AB22FD /* weather */,
			);
		};
/* End PBXProject section */

/* Begin PBXResourcesBuildPhase section */
		5DB041B52703EE3A00AB22FD /* Resources */ = {
			isa = PBXResourcesBuildPhase;
			buildActionMask = 2147483647;
			files = (
				5DB041C72703EE3A00AB22FD /* LaunchScreen.storyboard in Resources */,
				5DB041C42703EE3A00AB22FD /* Assets.xcassets in Resources */,
				5DB041C22703EE3A00AB22FD /* Main.storyboard in Resources */,
			);
			runOnlyForDeploymentPostprocessing = 0;
		};
/* End PBXResourcesBuildPhase section */

/* Begin PBXSourcesBuildPhase section */
		5DB041B32703EE3A00AB22FD /* Sources */ = {
			isa = PBXSourcesBuildPhase;
			buildActionMask = 2147483647;
			files = (
				5DB041DD2704113E00AB22FD /* WeatherManager.swift in Sources */,
				5DB041BF2703EE3A00AB22FD /* ViewController.swift in Sources */,
				5DB041BB2703EE3A00AB22FD /* AppDelegate.swift in Sources */,
				5DB041D42704101B00AB22FD /* WeatherData.swift in Sources */,
				5DB041BD2703EE3A00AB22FD /* SceneDelegate.swift in Sources */,
				5DB041D9270410BA00AB22FD /* WeatherModel.swift in Sources */,
			);
			runOnlyForDeploymentPostprocessing = 0;
		};
/* End PBXSourcesBuildPhase section */

/* Begin PBXVariantGroup section */
		5DB041C02703EE3A00AB22FD /* Main.storyboard */ = {
			isa = PBXVariantGroup;
			children = (
				5DB041C12703EE3A00AB22FD /* Base */,
			);
			name = Main.storyboard;
			sourceTree = "<group>";
		};
		5DB041C52703EE3A00AB22FD /* LaunchScreen.storyboard */ = {
			isa = PBXVariantGroup;
			children = (
				5DB041C62703EE3A00AB22FD /* Base */,
			);
			name = LaunchScreen.storyboard;
			sourceTree = "<group>";
		};
/* End PBXVariantGroup section */

/* Begin XCBuildConfiguration section */
		5DB041C92703EE3A00AB22FD /* Debug */ = {
			isa = XCBuildConfiguration;
			buildSettings = {
				ALWAYS_SEARCH_USER_PATHS = NO;
				CLANG_ANALYZER_NONNULL = YES;
				CLANG_ANALYZER_NUMBER_OBJECT_CONVERSION = YES_AGGRESSIVE;
				CLANG_CXX_LANGUAGE_STANDARD = "gnu++14";
				CLANG_CXX_LIBRARY = "libc++";
				CLANG_ENABLE_MODULES = YES;
				CLANG_ENABLE_OBJC_ARC = YES;
				CLANG_ENABLE_OBJC_WEAK = YES;
				CLANG_WARN_BLOCK_CAPTURE_AUTORELEASING = YES;
				CLANG_WARN_BOOL_CONVERSION = YES;
				CLANG_WARN_COMMA = YES;
				CLANG_WARN_CONSTANT_CONVERSION = YES;
				CLANG_WARN_DEPRECATED_OBJC_IMPLEMENTATIONS = YES;
				CLANG_WARN_DIRECT_OBJC_ISA_USAGE = YES_ERROR;
				CLANG_WARN_DOCUMENTATION_COMMENTS = YES;
				CLANG_WARN_EMPTY_BODY = YES;
				CLANG_WARN_ENUM_CONVERSION = YES;
				CLANG_WARN_INFINITE_RECURSION = YES;
				CLANG_WARN_INT_CONVERSION = YES;
				CLANG_WARN_NON_LITERAL_NULL_CONVERSION = YES;
				CLANG_WARN_OBJC_IMPLICIT_RETAIN_SELF = YES;
				CLANG_WARN_OBJC_LITERAL_CONVERSION = YES;
				CLANG_WARN_OBJC_ROOT_CLASS = YES_ERROR;
				CLANG_WARN_QUOTED_INCLUDE_IN_FRAMEWORK_HEADER = YES;
				CLANG_WARN_RANGE_LOOP_ANALYSIS = YES;
				CLANG_WARN_STRICT_PROTOTYPES = YES;
				CLANG_WARN_SUSPICIOUS_MOVE = YES;
				CLANG_WARN_UNGUARDED_AVAILABILITY = YES_AGGRESSIVE;
				CLANG_WARN_UNREACHABLE_CODE = YES;
				CLANG_WARN__DUPLICATE_METHOD_MATCH = YES;
				COPY_PHASE_STRIP = NO;
				DEBUG_INFORMATION_FORMAT = dwarf;
				ENABLE_STRICT_OBJC_MSGSEND = YES;
				ENABLE_TESTABILITY = YES;
				GCC_C_LANGUAGE_STANDARD = gnu11;
				GCC_DYNAMIC_NO_PIC = NO;
				GCC_NO_COMMON_BLOCKS = YES;
				GCC_OPTIMIZATION_LEVEL = 0;
				GCC_PREPROCESSOR_DEFINITIONS = (
					"DEBUG=1",
					"$(inherited)",
				);
				GCC_WARN_64_TO_32_BIT_CONVERSION = YES;
				GCC_WARN_ABOUT_RETURN_TYPE = YES_ERROR;
				GCC_WARN_UNDECLARED_SELECTOR = YES;
				GCC_WARN_UNINITIALIZED_AUTOS = YES_AGGRESSIVE;
				GCC_WARN_UNUSED_FUNCTION = YES;
				GCC_WARN_UNUSED_VARIABLE = YES;
				IPHONEOS_DEPLOYMENT_TARGET = 14.3;
				MTL_ENABLE_DEBUG_INFO = INCLUDE_SOURCE;
				MTL_FAST_MATH = YES;
				ONLY_ACTIVE_ARCH = YES;
				SDKROOT = iphoneos;
				SWIFT_ACTIVE_COMPILATION_CONDITIONS = DEBUG;
				SWIFT_OPTIMIZATION_LEVEL = "-Onone";
			};
			name = Debug;
		};
		5DB041CA2703EE3A00AB22FD /* Release */ = {
			isa = XCBuildConfiguration;
			buildSettings = {
				ALWAYS_SEARCH_USER_PATHS = NO;
				CLANG_ANALYZER_NONNULL = YES;
				CLANG_ANALYZER_NUMBER_OBJECT_CONVERSION = YES_AGGRESSIVE;
				CLANG_CXX_LANGUAGE_STANDARD = "gnu++14";
				CLANG_CXX_LIBRARY = "libc++";
				CLANG_ENABLE_MODULES = YES;
				CLANG_ENABLE_OBJC_ARC = YES;
				CLANG_ENABLE_OBJC_WEAK = YES;
				CLANG_WARN_BLOCK_CAPTURE_AUTORELEASING = YES;
				CLANG_WARN_BOOL_CONVERSION = YES;
				CLANG_WARN_COMMA = YES;
				CLANG_WARN_CONSTANT_CONVERSION = YES;
				CLANG_WARN_DEPRECATED_OBJC_IMPLEMENTATIONS = YES;
				CLANG_WARN_DIRECT_OBJC_ISA_USAGE = YES_ERROR;
				CLANG_WARN_DOCUMENTATION_COMMENTS = YES;
				CLANG_WARN_EMPTY_BODY = YES;
				CLANG_WARN_ENUM_CONVERSION = YES;
				CLANG_WARN_INFINITE_RECURSION = YES;
				CLANG_WARN_INT_CONVERSION = YES;
				CLANG_WARN_NON_LITERAL_NULL_CONVERSION = YES;
				CLANG_WARN_OBJC_IMPLICIT_RETAIN_SELF = YES;
				CLANG_WARN_OBJC_LITERAL_CONVERSION = YES;
				CLANG_WARN_OBJC_ROOT_CLASS = YES_ERROR;
				CLANG_WARN_QUOTED_INCLUDE_IN_FRAMEWORK_HEADER = YES;
				CLANG_WARN_RANGE_LOOP_ANALYSIS = YES;
				CLANG_WARN_STRICT_PROTOTYPES = YES;
				CLANG_WARN_SUSPICIOUS_MOVE = YES;
				CLANG_WARN_UNGUARDED_AVAILABILITY = YES_AGGRESSIVE;
				CLANG_WARN_UNREACHABLE_CODE = YES;
				CLANG_WARN__DUPLICATE_METHOD_MATCH = YES;
				COPY_PHASE_STRIP = NO;
				DEBUG_INFORMATION_FORMAT = "dwarf-with-dsym";
				ENABLE_NS_ASSERTIONS = NO;
				ENABLE_STRICT_OBJC_MSGSEND = YES;
				GCC_C_LANGUAGE_STANDARD = gnu11;
				GCC_NO_COMMON_BLOCKS = YES;
				GCC_WARN_64_TO_32_BIT_CONVERSION = YES;
				GCC_WARN_ABOUT_RETURN_TYPE = YES_ERROR;
				GCC_WARN_UNDECLARED_SELECTOR = YES;
				GCC_WARN_UNINITIALIZED_AUTOS = YES_AGGRESSIVE;
				GCC_WARN_UNUSED_FUNCTION = YES;
				GCC_WARN_UNUSED_VARIABLE = YES;
				IPHONEOS_DEPLOYMENT_TARGET = 14.3;
				MTL_ENABLE_DEBUG_INFO = NO;
				MTL_FAST_MATH = YES;
				SDKROOT = iphoneos;
				SWIFT_COMPILATION_MODE = wholemodule;
				SWIFT_OPTIMIZATION_LEVEL = "-O";
				VALIDATE_PRODUCT = YES;
			};
			name = Release;
		};
		5DB041CC2703EE3A00AB22FD /* Debug */ = {
			isa = XCBuildConfiguration;
			buildSettings = {
				ASSETCATALOG_COMPILER_APPICON_NAME = AppIcon;
				ASSETCATALOG_COMPILER_GLOBAL_ACCENT_COLOR_NAME = AccentColor;
				CODE_SIGN_STYLE = Automatic;
				DEVELOPMENT_TEAM = K46QJ9STW7;
				INFOPLIST_FILE = weather/Info.plist;
				LD_RUNPATH_SEARCH_PATHS = (
					"$(inherited)",
					"@executable_path/Frameworks",
				);
				PRODUCT_BUNDLE_IDENTIFIER = FF.weather;
				PRODUCT_NAME = "$(TARGET_NAME)";
				SWIFT_VERSION = 5.0;
				TARGETED_DEVICE_FAMILY = "1,2";
			};
			name = Debug;
		};
		5DB041CD2703EE3A00AB22FD /* Release */ = {
			isa = XCBuildConfiguration;
			buildSettings = {
				ASSETCATALOG_COMPILER_APPICON_NAME = AppIcon;
				ASSETCATALOG_COMPILER_GLOBAL_ACCENT_COLOR_NAME = AccentColor;
				CODE_SIGN_STYLE = Automatic;
				DEVELOPMENT_TEAM = K46QJ9STW7;
				INFOPLIST_FILE = weather/Info.plist;
				LD_RUNPATH_SEARCH_PATHS = (
					"$(inherited)",
					"@executable_path/Frameworks",
				);
				PRODUCT_BUNDLE_IDENTIFIER = FF.weather;
				PRODUCT_NAME = "$(TARGET_NAME)";
				SWIFT_VERSION = 5.0;
				TARGETED_DEVICE_FAMILY = "1,2";
			};
			name = Release;
		};
/* End XCBuildConfiguration section */

/* Begin XCConfigurationList section */
		5DB041B22703EE3A00AB22FD /* Build configuration list for PBXProject "weather" */ = {
			isa = XCConfigurationList;
			buildConfigurations = (
				5DB041C92703EE3A00AB22FD /* Debug */,
				5DB041CA2703EE3A00AB22FD /* Release */,
			);
			defaultConfigurationIsVisible = 0;
			defaultConfigurationName = Release;
		};
		5DB041CB2703EE3A00AB22FD /* Build configuration list for PBXNativeTarget "weather" */ = {
			isa = XCConfigurationList;
			buildConfigurations = (
				5DB041CC2703EE3A00AB22FD /* Debug */,
				5DB041CD2703EE3A00AB22FD /* Release */,
			);
			defaultConfigurationIsVisible = 0;
			defaultConfigurationName = Release;
		};
/* End XCConfigurationList section */
	};
	rootObject = 5DB041AF2703EE3A00AB22FD /* Project object */;
}
